<?xml version="1.0" encoding="utf-8"?>
<Project ToolsVersion="4.0" xmlns="http://schemas.microsoft.com/developer/msbuild/2003">
  <ItemGroup>
    <Filter Include="Source Files">
      <UniqueIdentifier>{4FC737F1-C7A5-4376-A066-2A32D752A2FF}</UniqueIdentifier>
      <Extensions>cpp;c;cc;cxx;def;odl;idl;hpj;bat;asm;asmx</Extensions>
    </Filter>
    <Filter Include="Header Files">
      <UniqueIdentifier>{93995380-89BD-4b04-88EB-625FBE52EBFB}</UniqueIdentifier>
      <Extensions>h;hpp;hxx;hm;inl;inc;xsd</Extensions>
    </Filter>
    <Filter Include="Resource Files">
      <UniqueIdentifier>{67DA6AB6-F800-4c08-8B7A-83BB121AAD01}</UniqueIdentifier>
      <Extensions>rc;ico;cur;bmp;dlg;rc2;rct;bin;rgs;gif;jpg;jpeg;jpe;resx;tiff;tif;png;wav;mfcribbon-ms</Extensions>
    </Filter>
  </ItemGroup>
  <ItemGroup>
    <Text Include="ReadMe.txt" />
  </ItemGroup>
  <ItemGroup>
    <ClInclude Include="tInputController.h">
      <Filter>Header Files</Filter>
    </ClInclude>
    <ClInclude Include="tObject.h">
      <Filter>Header Files</Filter>
    </ClInclude>
    <ClInclude Include="tMesh.h">
      <Filter>Header Files</Filter>
    </ClInclude>
    <ClInclude Include="tVector.h">
      <Filter>Header Files</Filter>
    </ClInclude>
    <ClInclude Include="tProgramManager.h">
      <Filter>Header Files</Filter>
    </ClInclude>
    <ClInclude Include="tMeshReader.h">
      <Filter>Header Files</Filter>
    </ClInclude>
    <ClInclude Include="tGraphicsController.h">
      <Filter>Header Files</Filter>
    </ClInclude>
    <ClInclude Include="tGeometry.h">
      <Filter>Header Files</Filter>
    </ClInclude>
    <ClInclude Include="tMatrix.h">
      <Filter>Header Files</Filter>
    </ClInclude>
    <ClInclude Include="tCamera.h">
      <Filter>Header Files</Filter>
    </ClInclude>
    <ClInclude Include="tQuat.h">
      <Filter>Header Files</Filter>
    </ClInclude>
    <ClInclude Include="tGameClock.h">
      <Filter>Header Files</Filter>
    </ClInclude>
    <ClInclude Include="Utility.h">
      <Filter>Header Files</Filter>
    </ClInclude>
    <ClInclude Include="tTextureManager.h">
      <Filter>Header Files</Filter>
    </ClInclude>
    <ClInclude Include="SOIL.h">
      <Filter>Header Files</Filter>
    </ClInclude>
    <ClInclude Include="tModeToggler.h">
      <Filter>Header Files</Filter>
    </ClInclude>
    <ClInclude Include="tOctree.h">
      <Filter>Header Files</Filter>
    </ClInclude>
    <ClInclude Include="CollisionTypes.h">
      <Filter>Header Files</Filter>
    </ClInclude>
  </ItemGroup>
  <ItemGroup>
    <ClCompile Include="tInputController.cpp">
      <Filter>Source Files</Filter>
    </ClCompile>
    <ClCompile Include="tProgramManager.cpp">
      <Filter>Source Files</Filter>
    </ClCompile>
    <ClCompile Include="tMeshReader.cpp">
      <Filter>Source Files</Filter>
    </ClCompile>
    <ClCompile Include="tGraphicsController.cpp">
      <Filter>Source Files</Filter>
    </ClCompile>
    <ClCompile Include="tGeometry.cpp">
      <Filter>Source Files</Filter>
    </ClCompile>
    <ClCompile Include="tMesh.cpp">
      <Filter>Source Files</Filter>
    </ClCompile>
    <ClCompile Include="tQuat.cpp">
      <Filter>Source Files</Filter>
    </ClCompile>
    <ClCompile Include="tGameClock.cpp">
      <Filter>Source Files</Filter>
    </ClCompile>
    <ClCompile Include="tCamera.cpp">
      <Filter>Source Files</Filter>
    </ClCompile>
    <ClCompile Include="Utility.cpp">
      <Filter>Source Files</Filter>
    </ClCompile>
    <ClCompile Include="tTextureManager.cpp">
      <Filter>Source Files</Filter>
    </ClCompile>
    <ClCompile Include="tModeToggler.cpp">
      <Filter>Source Files</Filter>
    </ClCompile>
    <ClCompile Include="tOctree.cpp">
      <Filter>Source Files</Filter>
    </ClCompile>
    <ClCompile Include="CollisionTypes.cpp">
      <Filter>Source Files</Filter>
    </ClCompile>
  </ItemGroup>
</Project>